
Microsoft Visual Studio Solution File, Format Version 12.00
# Visual Studio Version 16
VisualStudioVersion = 16.0.28315.86
MinimumVisualStudioVersion = 10.0.40219.1
Project("{9A19103F-16F7-4668-BE54-9A1E7A4F7556}") = "FRED", "FRED\FRED.csproj", "{D9FCA0E8-51D5-4FE6-83C4-5FC278300EC6}"
EndProject
Project("{2150E333-8FDC-42A3-9474-1A3956D46DE8}") = "Solution Items", "Solution Items", "{B2E8CEBE-7810-4A88-9195-2E15390ABBF4}"
EndProject
Project("{9A19103F-16F7-4668-BE54-9A1E7A4F7556}") = "SpeechToTextApp", "..\SpeechToTextApp\SpeechToTextApp\SpeechToTextApp.csproj", "{51569C84-EC01-4D1E-8F1E-E6C51CDAB027}"
EndProject
Global
	GlobalSection(SolutionConfigurationPlatforms) = preSolution
		Debug|Any CPU = Debug|Any CPU
		Release|Any CPU = Release|Any CPU
	EndGlobalSection
	GlobalSection(ProjectConfigurationPlatforms) = postSolution
		{D9FCA0E8-51D5-4FE6-83C4-5FC278300EC6}.Debug|Any CPU.ActiveCfg = Debug|Any CPU
		{D9FCA0E8-51D5-4FE6-83C4-5FC278300EC6}.Debug|Any CPU.Build.0 = Debug|Any CPU
		{D9FCA0E8-51D5-4FE6-83C4-5FC278300EC6}.Release|Any CPU.ActiveCfg = Release|Any CPU
		{D9FCA0E8-51D5-4FE6-83C4-5FC278300EC6}.Release|Any CPU.Build.0 = Release|Any CPU
		{51569C84-EC01-4D1E-8F1E-E6C51CDAB027}.Debug|Any CPU.ActiveCfg = Debug|Any CPU
		{51569C84-EC01-4D1E-8F1E-E6C51CDAB027}.Debug|Any CPU.Build.0 = Debug|Any CPU
		{51569C84-EC01-4D1E-8F1E-E6C51CDAB027}.Release|Any CPU.ActiveCfg = Release|Any CPU
		{51569C84-EC01-4D1E-8F1E-E6C51CDAB027}.Release|Any CPU.Build.0 = Release|Any CPU
	EndGlobalSection
	GlobalSection(SolutionProperties) = preSolution
		HideSolutionNode = FALSE
	EndGlobalSection
	GlobalSection(ExtensibilityGlobals) = postSolution
		SolutionGuid = {814BBDE0-ADEB-4590-9EB2-5553506B376C}
	EndGlobalSection
EndGlobal
